
Microsoft Visual Studio Solution File, Format Version 12.00
# Visual Studio 15
Project("{FAE04EC0-301F-11D3-BF4B-00C04F79EFBC}") = "Assembly-CSharp", "Assembly-CSharp.csproj", "{4462AA9E-4FA3-0022-354C-BC60A1B1CC3A}"
EndProject
Project("{FAE04EC0-301F-11D3-BF4B-00C04F79EFBC}") = "Unity.InputSystem", "Unity.InputSystem.csproj", "{8DF884EA-6AF9-B427-80AB-D20D6E9C218B}"
EndProject
Project("{FAE04EC0-301F-11D3-BF4B-00C04F79EFBC}") = "Unity.InputSystem.Tests", "Unity.InputSystem.Tests.csproj", "{223D6E6A-9114-B5DF-A624-2CC285B0C354}"
EndProject
Project("{FAE04EC0-301F-11D3-BF4B-00C04F79EFBC}") = "PhotonUnityNetworking.Utilities", "PhotonUnityNetworking.Utilities.csproj", "{32B987E5-7F85-8398-CAF1-C2711C4B06FA}"
EndProject
Project("{FAE04EC0-301F-11D3-BF4B-00C04F79EFBC}") = "PhotonChat", "PhotonChat.csproj", "{3A361627-BF3B-6302-AABB-0E0F74B7579F}"
EndProject
Project("{FAE04EC0-301F-11D3-BF4B-00C04F79EFBC}") = "PhotonUnityNetworking", "PhotonUnityNetworking.csproj", "{893F2618-21BB-0FCD-FC6B-175A9512A9A4}"
EndProject
Project("{FAE04EC0-301F-11D3-BF4B-00C04F79EFBC}") = "PhotonRealtime", "PhotonRealtime.csproj", "{3F8E6387-8645-26EF-D8D7-663493B79FBE}"
EndProject
Project("{FAE04EC0-301F-11D3-BF4B-00C04F79EFBC}") = "PhotonWebSocket", "PhotonWebSocket.csproj", "{B175529E-B59E-36FC-A9F6-3A2DF688C2D9}"
EndProject
Project("{FAE04EC0-301F-11D3-BF4B-00C04F79EFBC}") = "Assembly-CSharp-Editor", "Assembly-CSharp-Editor.csproj", "{16C1E4CB-B5E0-5E4D-5AD0-2E1ADB82D895}"
EndProject
Project("{FAE04EC0-301F-11D3-BF4B-00C04F79EFBC}") = "PhotonUnityNetworking.Editor", "PhotonUnityNetworking.Editor.csproj", "{6981ECC6-4FB8-75E6-7EF4-85C24B468A9A}"
EndProject
Project("{FAE04EC0-301F-11D3-BF4B-00C04F79EFBC}") = "PhotonUnityNetworking.Utilities.PhotonPlayer.Editor", "PhotonUnityNetworking.Utilities.PhotonPlayer.Editor.csproj", "{DFBDBC98-F709-D182-6D23-A1D3E9E446EC}"
EndProject
Project("{FAE04EC0-301F-11D3-BF4B-00C04F79EFBC}") = "PhotonUnityNetworking.Utilities.Culling.Editor", "PhotonUnityNetworking.Utilities.Culling.Editor.csproj", "{E9C37972-A4F7-658C-A320-93A193FA51DE}"
EndProject
Global
	GlobalSection(SolutionConfigurationPlatforms) = preSolution
		Debug|Any CPU = Debug|Any CPU
		Release|Any CPU = Release|Any CPU
	EndGlobalSection
	GlobalSection(ProjectConfigurationPlatforms) = postSolution
		{4462AA9E-4FA3-0022-354C-BC60A1B1CC3A}.Debug|Any CPU.ActiveCfg = Debug|Any CPU
		{4462AA9E-4FA3-0022-354C-BC60A1B1CC3A}.Debug|Any CPU.Build.0 = Debug|Any CPU
		{4462AA9E-4FA3-0022-354C-BC60A1B1CC3A}.Release|Any CPU.ActiveCfg = Release|Any CPU
		{4462AA9E-4FA3-0022-354C-BC60A1B1CC3A}.Release|Any CPU.Build.0 = Release|Any CPU
		{8DF884EA-6AF9-B427-80AB-D20D6E9C218B}.Debug|Any CPU.ActiveCfg = Debug|Any CPU
		{8DF884EA-6AF9-B427-80AB-D20D6E9C218B}.Debug|Any CPU.Build.0 = Debug|Any CPU
		{8DF884EA-6AF9-B427-80AB-D20D6E9C218B}.Release|Any CPU.ActiveCfg = Release|Any CPU
		{8DF884EA-6AF9-B427-80AB-D20D6E9C218B}.Release|Any CPU.Build.0 = Release|Any CPU
		{223D6E6A-9114-B5DF-A624-2CC285B0C354}.Debug|Any CPU.ActiveCfg = Debug|Any CPU
		{223D6E6A-9114-B5DF-A624-2CC285B0C354}.Debug|Any CPU.Build.0 = Debug|Any CPU
		{223D6E6A-9114-B5DF-A624-2CC285B0C354}.Release|Any CPU.ActiveCfg = Release|Any CPU
		{223D6E6A-9114-B5DF-A624-2CC285B0C354}.Release|Any CPU.Build.0 = Release|Any CPU
		{32B987E5-7F85-8398-CAF1-C2711C4B06FA}.Debug|Any CPU.ActiveCfg = Debug|Any CPU
		{32B987E5-7F85-8398-CAF1-C2711C4B06FA}.Debug|Any CPU.Build.0 = Debug|Any CPU
		{32B987E5-7F85-8398-CAF1-C2711C4B06FA}.Release|Any CPU.ActiveCfg = Release|Any CPU
		{32B987E5-7F85-8398-CAF1-C2711C4B06FA}.Release|Any CPU.Build.0 = Release|Any CPU
		{3A361627-BF3B-6302-AABB-0E0F74B7579F}.Debug|Any CPU.ActiveCfg = Debug|Any CPU
		{3A361627-BF3B-6302-AABB-0E0F74B7579F}.Debug|Any CPU.Build.0 = Debug|Any CPU
		{3A361627-BF3B-6302-AABB-0E0F74B7579F}.Release|Any CPU.ActiveCfg = Release|Any CPU
		{3A361627-BF3B-6302-AABB-0E0F74B7579F}.Release|Any CPU.Build.0 = Release|Any CPU
		{893F2618-21BB-0FCD-FC6B-175A9512A9A4}.Debug|Any CPU.ActiveCfg = Debug|Any CPU
		{893F2618-21BB-0FCD-FC6B-175A9512A9A4}.Debug|Any CPU.Build.0 = Debug|Any CPU
		{893F2618-21BB-0FCD-FC6B-175A9512A9A4}.Release|Any CPU.ActiveCfg = Release|Any CPU
		{893F2618-21BB-0FCD-FC6B-175A9512A9A4}.Release|Any CPU.Build.0 = Release|Any CPU
		{3F8E6387-8645-26EF-D8D7-663493B79FBE}.Debug|Any CPU.ActiveCfg = Debug|Any CPU
		{3F8E6387-8645-26EF-D8D7-663493B79FBE}.Debug|Any CPU.Build.0 = Debug|Any CPU
		{3F8E6387-8645-26EF-D8D7-663493B79FBE}.Release|Any CPU.ActiveCfg = Release|Any CPU
		{3F8E6387-8645-26EF-D8D7-663493B79FBE}.Release|Any CPU.Build.0 = Release|Any CPU
		{B175529E-B59E-36FC-A9F6-3A2DF688C2D9}.Debug|Any CPU.ActiveCfg = Debug|Any CPU
		{B175529E-B59E-36FC-A9F6-3A2DF688C2D9}.Debug|Any CPU.Build.0 = Debug|Any CPU
		{B175529E-B59E-36FC-A9F6-3A2DF688C2D9}.Release|Any CPU.ActiveCfg = Release|Any CPU
		{B175529E-B59E-36FC-A9F6-3A2DF688C2D9}.Release|Any CPU.Build.0 = Release|Any CPU
		{16C1E4CB-B5E0-5E4D-5AD0-2E1ADB82D895}.Debug|Any CPU.ActiveCfg = Debug|Any CPU
		{16C1E4CB-B5E0-5E4D-5AD0-2E1ADB82D895}.Debug|Any CPU.Build.0 = Debug|Any CPU
		{16C1E4CB-B5E0-5E4D-5AD0-2E1ADB82D895}.Release|Any CPU.ActiveCfg = Release|Any CPU
		{16C1E4CB-B5E0-5E4D-5AD0-2E1ADB82D895}.Release|Any CPU.Build.0 = Release|Any CPU
		{6981ECC6-4FB8-75E6-7EF4-85C24B468A9A}.Debug|Any CPU.ActiveCfg = Debug|Any CPU
		{6981ECC6-4FB8-75E6-7EF4-85C24B468A9A}.Debug|Any CPU.Build.0 = Debug|Any CPU
		{6981ECC6-4FB8-75E6-7EF4-85C24B468A9A}.Release|Any CPU.ActiveCfg = Release|Any CPU
		{6981ECC6-4FB8-75E6-7EF4-85C24B468A9A}.Release|Any CPU.Build.0 = Release|Any CPU
		{DFBDBC98-F709-D182-6D23-A1D3E9E446EC}.Debug|Any CPU.ActiveCfg = Debug|Any CPU
		{DFBDBC98-F709-D182-6D23-A1D3E9E446EC}.Debug|Any CPU.Build.0 = Debug|Any CPU
		{DFBDBC98-F709-D182-6D23-A1D3E9E446EC}.Release|Any CPU.ActiveCfg = Release|Any CPU
		{DFBDBC98-F709-D182-6D23-A1D3E9E446EC}.Release|Any CPU.Build.0 = Release|Any CPU
		{E9C37972-A4F7-658C-A320-93A193FA51DE}.Debug|Any CPU.ActiveCfg = Debug|Any CPU
		{E9C37972-A4F7-658C-A320-93A193FA51DE}.Debug|Any CPU.Build.0 = Debug|Any CPU
		{E9C37972-A4F7-658C-A320-93A193FA51DE}.Release|Any CPU.ActiveCfg = Release|Any CPU
		{E9C37972-A4F7-658C-A320-93A193FA51DE}.Release|Any CPU.Build.0 = Release|Any CPU
	EndGlobalSection
	GlobalSection(SolutionProperties) = preSolution
		HideSolutionNode = FALSE
	EndGlobalSection
EndGlobal
