
Microsoft Visual Studio Solution File, Format Version 12.00
# Visual Studio 15
Project("{FAE04EC0-301F-11D3-BF4B-00C04F79EFBC}") = "Assembly-CSharp", "Assembly-CSharp.csproj", "{4462AA9E-4FA3-0022-354C-BC60A1B1CC3A}"
EndProject
Project("{FAE04EC0-301F-11D3-BF4B-00C04F79EFBC}") = "Unity.InputSystem", "Unity.InputSystem.csproj", "{8DF884EA-6AF9-B427-80AB-D20D6E9C218B}"
EndProject
Project("{FAE04EC0-301F-11D3-BF4B-00C04F79EFBC}") = "Unity.InputSystem.Tests", "Unity.InputSystem.Tests.csproj", "{223D6E6A-9114-B5DF-A624-2CC285B0C354}"
EndProject
Global
	GlobalSection(SolutionConfigurationPlatforms) = preSolution
		Debug|Any CPU = Debug|Any CPU
		Release|Any CPU = Release|Any CPU
	EndGlobalSection
	GlobalSection(ProjectConfigurationPlatforms) = postSolution
		{4462AA9E-4FA3-0022-354C-BC60A1B1CC3A}.Debug|Any CPU.ActiveCfg = Debug|Any CPU
		{4462AA9E-4FA3-0022-354C-BC60A1B1CC3A}.Debug|Any CPU.Build.0 = Debug|Any CPU
		{4462AA9E-4FA3-0022-354C-BC60A1B1CC3A}.Release|Any CPU.ActiveCfg = Release|Any CPU
		{4462AA9E-4FA3-0022-354C-BC60A1B1CC3A}.Release|Any CPU.Build.0 = Release|Any CPU
		{8DF884EA-6AF9-B427-80AB-D20D6E9C218B}.Debug|Any CPU.ActiveCfg = Debug|Any CPU
		{8DF884EA-6AF9-B427-80AB-D20D6E9C218B}.Debug|Any CPU.Build.0 = Debug|Any CPU
		{8DF884EA-6AF9-B427-80AB-D20D6E9C218B}.Release|Any CPU.ActiveCfg = Release|Any CPU
		{8DF884EA-6AF9-B427-80AB-D20D6E9C218B}.Release|Any CPU.Build.0 = Release|Any CPU
		{223D6E6A-9114-B5DF-A624-2CC285B0C354}.Debug|Any CPU.ActiveCfg = Debug|Any CPU
		{223D6E6A-9114-B5DF-A624-2CC285B0C354}.Debug|Any CPU.Build.0 = Debug|Any CPU
		{223D6E6A-9114-B5DF-A624-2CC285B0C354}.Release|Any CPU.ActiveCfg = Release|Any CPU
		{223D6E6A-9114-B5DF-A624-2CC285B0C354}.Release|Any CPU.Build.0 = Release|Any CPU
	EndGlobalSection
	GlobalSection(SolutionProperties) = preSolution
		HideSolutionNode = FALSE
	EndGlobalSection
EndGlobal
